
Microsoft Visual Studio Solution File, Format Version 12.00
# Visual Studio Version 16
VisualStudioVersion = 16.0.29411.108
MinimumVisualStudioVersion = 10.0.40219.1
Project("{FAE04EC0-301F-11D3-BF4B-00C04F79EFBC}") = "Ciutats_Fase1_Bucle", "Ciutats_Fase1_Bucle\Ciutats_Fase1_Bucle.csproj", "{59C902DB-39D2-40FB-9C0D-B2B40CC799D5}"
EndProject
Global
	GlobalSection(SolutionConfigurationPlatforms) = preSolution
		Debug|Any CPU = Debug|Any CPU
		Release|Any CPU = Release|Any CPU
	EndGlobalSection
	GlobalSection(ProjectConfigurationPlatforms) = postSolution
		{59C902DB-39D2-40FB-9C0D-B2B40CC799D5}.Debug|Any CPU.ActiveCfg = Debug|Any CPU
		{59C902DB-39D2-40FB-9C0D-B2B40CC799D5}.Debug|Any CPU.Build.0 = Debug|Any CPU
		{59C902DB-39D2-40FB-9C0D-B2B40CC799D5}.Release|Any CPU.ActiveCfg = Release|Any CPU
		{59C902DB-39D2-40FB-9C0D-B2B40CC799D5}.Release|Any CPU.Build.0 = Release|Any CPU
	EndGlobalSection
	GlobalSection(SolutionProperties) = preSolution
		HideSolutionNode = FALSE
	EndGlobalSection
	GlobalSection(ExtensibilityGlobals) = postSolution
		SolutionGuid = {9F6AFC7A-ADDB-40F9-A7C5-88B72DED6FF9}
	EndGlobalSection
EndGlobal
