
Microsoft Visual Studio Solution File, Format Version 12.00
# Visual Studio Version 16
VisualStudioVersion = 16.0.29411.108
MinimumVisualStudioVersion = 10.0.40219.1
Project("{FAE04EC0-301F-11D3-BF4B-00C04F79EFBC}") = "Fase3", "Fase3\Fase3.csproj", "{4854C772-9D49-4C56-A368-2E0300B17F1B}"
EndProject
Global
	GlobalSection(SolutionConfigurationPlatforms) = preSolution
		Debug|Any CPU = Debug|Any CPU
		Release|Any CPU = Release|Any CPU
	EndGlobalSection
	GlobalSection(ProjectConfigurationPlatforms) = postSolution
		{4854C772-9D49-4C56-A368-2E0300B17F1B}.Debug|Any CPU.ActiveCfg = Debug|Any CPU
		{4854C772-9D49-4C56-A368-2E0300B17F1B}.Debug|Any CPU.Build.0 = Debug|Any CPU
		{4854C772-9D49-4C56-A368-2E0300B17F1B}.Release|Any CPU.ActiveCfg = Release|Any CPU
		{4854C772-9D49-4C56-A368-2E0300B17F1B}.Release|Any CPU.Build.0 = Release|Any CPU
	EndGlobalSection
	GlobalSection(SolutionProperties) = preSolution
		HideSolutionNode = FALSE
	EndGlobalSection
	GlobalSection(ExtensibilityGlobals) = postSolution
		SolutionGuid = {54AF9943-B7D1-4BC4-AA68-9DAD8735E997}
	EndGlobalSection
EndGlobal
