
Microsoft Visual Studio Solution File, Format Version 12.00
# Visual Studio Version 16
VisualStudioVersion = 16.0.29411.108
MinimumVisualStudioVersion = 10.0.40219.1
Project("{FAE04EC0-301F-11D3-BF4B-00C04F79EFBC}") = "Fase4", "Fase4\Fase4.csproj", "{49E66DB2-6205-46A6-ADE3-360AA5294C67}"
EndProject
Global
	GlobalSection(SolutionConfigurationPlatforms) = preSolution
		Debug|Any CPU = Debug|Any CPU
		Release|Any CPU = Release|Any CPU
	EndGlobalSection
	GlobalSection(ProjectConfigurationPlatforms) = postSolution
		{49E66DB2-6205-46A6-ADE3-360AA5294C67}.Debug|Any CPU.ActiveCfg = Debug|Any CPU
		{49E66DB2-6205-46A6-ADE3-360AA5294C67}.Debug|Any CPU.Build.0 = Debug|Any CPU
		{49E66DB2-6205-46A6-ADE3-360AA5294C67}.Release|Any CPU.ActiveCfg = Release|Any CPU
		{49E66DB2-6205-46A6-ADE3-360AA5294C67}.Release|Any CPU.Build.0 = Release|Any CPU
	EndGlobalSection
	GlobalSection(SolutionProperties) = preSolution
		HideSolutionNode = FALSE
	EndGlobalSection
	GlobalSection(ExtensibilityGlobals) = postSolution
		SolutionGuid = {4B08BE01-C8AA-44FF-8C88-DCCAF1E66CCA}
	EndGlobalSection
EndGlobal
