
Microsoft Visual Studio Solution File, Format Version 12.00
# Visual Studio Version 16
VisualStudioVersion = 16.0.29411.108
MinimumVisualStudioVersion = 10.0.40219.1
Project("{9A19103F-16F7-4668-BE54-9A1E7A4F7556}") = "Restaurant_Fase1_2_3", "Restaurant_Fase1\Restaurant_Fase1_2_3.csproj", "{23B87B00-092F-436C-A350-9B5E10C0DF0F}"
EndProject
Global
	GlobalSection(SolutionConfigurationPlatforms) = preSolution
		Debug|Any CPU = Debug|Any CPU
		Release|Any CPU = Release|Any CPU
	EndGlobalSection
	GlobalSection(ProjectConfigurationPlatforms) = postSolution
		{23B87B00-092F-436C-A350-9B5E10C0DF0F}.Debug|Any CPU.ActiveCfg = Debug|Any CPU
		{23B87B00-092F-436C-A350-9B5E10C0DF0F}.Debug|Any CPU.Build.0 = Debug|Any CPU
		{23B87B00-092F-436C-A350-9B5E10C0DF0F}.Release|Any CPU.ActiveCfg = Release|Any CPU
		{23B87B00-092F-436C-A350-9B5E10C0DF0F}.Release|Any CPU.Build.0 = Release|Any CPU
	EndGlobalSection
	GlobalSection(SolutionProperties) = preSolution
		HideSolutionNode = FALSE
	EndGlobalSection
	GlobalSection(ExtensibilityGlobals) = postSolution
		SolutionGuid = {1C14E7B1-50D0-42C3-869D-D50DBC4EFDDE}
	EndGlobalSection
EndGlobal
